
Microsoft Visual Studio Solution File, Format Version 12.00
# Visual Studio Version 17
VisualStudioVersion = 17.5.33424.131
MinimumVisualStudioVersion = 10.0.40219.1
Project("{FAE04EC0-301F-11D3-BF4B-00C04F79EFBC}") = "Prakpbo", "Prakpbo\Prakpbo.csproj", "{68D677F0-9234-4908-A3ED-1EBDBF14F3FF}"
EndProject
Project("{2150E333-8FDC-42A3-9474-1A3956D46DE8}") = "Solution Items", "Solution Items", "{1673933C-8B3E-40C2-AA63-88C3D69D32F6}"
	ProjectSection(SolutionItems) = preProject
		.editorconfig = .editorconfig
	EndProjectSection
EndProject
Global
	GlobalSection(SolutionConfigurationPlatforms) = preSolution
		Debug|Any CPU = Debug|Any CPU
		Release|Any CPU = Release|Any CPU
	EndGlobalSection
	GlobalSection(ProjectConfigurationPlatforms) = postSolution
		{68D677F0-9234-4908-A3ED-1EBDBF14F3FF}.Debug|Any CPU.ActiveCfg = Debug|Any CPU
		{68D677F0-9234-4908-A3ED-1EBDBF14F3FF}.Debug|Any CPU.Build.0 = Debug|Any CPU
		{68D677F0-9234-4908-A3ED-1EBDBF14F3FF}.Release|Any CPU.ActiveCfg = Release|Any CPU
		{68D677F0-9234-4908-A3ED-1EBDBF14F3FF}.Release|Any CPU.Build.0 = Release|Any CPU
	EndGlobalSection
	GlobalSection(SolutionProperties) = preSolution
		HideSolutionNode = FALSE
	EndGlobalSection
	GlobalSection(ExtensibilityGlobals) = postSolution
		SolutionGuid = {3D57A51E-699A-4AD9-B1B2-1FDAE6602211}
	EndGlobalSection
EndGlobal
